
Microsoft Visual Studio Solution File, Format Version 12.00
Project("{2150E333-8FDC-42A3-9474-1A3956D46DE8}") = "src", "src", "{3B1B7A62-5E98-4B25-A67F-6877A83122CF}"
EndProject
Project("{FAE04EC0-301F-11D3-BF4B-00C04F79EFBC}") = "TealInc.PostHogClient", "src\TealInc.PostHogClient\TealInc.PostHogClient.csproj", "{547CD884-D173-4D0F-990D-0E581BD9CE11}"
EndProject
Project("{2150E333-8FDC-42A3-9474-1A3956D46DE8}") = "example", "example", "{7A4055B2-DB29-49FF-B72A-B95B7C4F5071}"
EndProject
Project("{FAE04EC0-301F-11D3-BF4B-00C04F79EFBC}") = "ASP.NETCore", "example\ASP.NETCore\ASP.NETCore.csproj", "{C9356963-F957-477D-96E3-769C6D6E8718}"
EndProject
Project("{FAE04EC0-301F-11D3-BF4B-00C04F79EFBC}") = "TealInc.PostHogClient.Extensions", "src\TealInc.PostHogClient.Extensions\TealInc.PostHogClient.Extensions.csproj", "{39F3110A-699F-4F77-A7D1-A7F6C9FBB4AC}"
EndProject
Global
	GlobalSection(SolutionConfigurationPlatforms) = preSolution
		Debug|Any CPU = Debug|Any CPU
		Release|Any CPU = Release|Any CPU
	EndGlobalSection
	GlobalSection(NestedProjects) = preSolution
		{547CD884-D173-4D0F-990D-0E581BD9CE11} = {3B1B7A62-5E98-4B25-A67F-6877A83122CF}
		{C9356963-F957-477D-96E3-769C6D6E8718} = {7A4055B2-DB29-49FF-B72A-B95B7C4F5071}
		{39F3110A-699F-4F77-A7D1-A7F6C9FBB4AC} = {3B1B7A62-5E98-4B25-A67F-6877A83122CF}
	EndGlobalSection
	GlobalSection(ProjectConfigurationPlatforms) = postSolution
		{547CD884-D173-4D0F-990D-0E581BD9CE11}.Debug|Any CPU.ActiveCfg = Debug|Any CPU
		{547CD884-D173-4D0F-990D-0E581BD9CE11}.Debug|Any CPU.Build.0 = Debug|Any CPU
		{547CD884-D173-4D0F-990D-0E581BD9CE11}.Release|Any CPU.ActiveCfg = Release|Any CPU
		{547CD884-D173-4D0F-990D-0E581BD9CE11}.Release|Any CPU.Build.0 = Release|Any CPU
		{C9356963-F957-477D-96E3-769C6D6E8718}.Debug|Any CPU.ActiveCfg = Debug|Any CPU
		{C9356963-F957-477D-96E3-769C6D6E8718}.Debug|Any CPU.Build.0 = Debug|Any CPU
		{C9356963-F957-477D-96E3-769C6D6E8718}.Release|Any CPU.ActiveCfg = Release|Any CPU
		{C9356963-F957-477D-96E3-769C6D6E8718}.Release|Any CPU.Build.0 = Release|Any CPU
		{39F3110A-699F-4F77-A7D1-A7F6C9FBB4AC}.Debug|Any CPU.ActiveCfg = Debug|Any CPU
		{39F3110A-699F-4F77-A7D1-A7F6C9FBB4AC}.Debug|Any CPU.Build.0 = Debug|Any CPU
		{39F3110A-699F-4F77-A7D1-A7F6C9FBB4AC}.Release|Any CPU.ActiveCfg = Release|Any CPU
		{39F3110A-699F-4F77-A7D1-A7F6C9FBB4AC}.Release|Any CPU.Build.0 = Release|Any CPU
	EndGlobalSection
EndGlobal
